// !$*UTF8*$!
{
	archiveVersion = 1;
	classes = {
	};
	objectVersion = 51;
	objects = {

/* Begin PBXBuildFile section */
		11367E432513CF3800B056E4 /* AppDelegate.swift in Sources */ = {isa = PBXBuildFile; fileRef = 11367E422513CF3800B056E4 /* AppDelegate.swift */; };
		11367E452513CF3800B056E4 /* SceneDelegate.swift in Sources */ = {isa = PBXBuildFile; fileRef = 11367E442513CF3800B056E4 /* SceneDelegate.swift */; };
		11367E4A2513CF3800B056E4 /* Main.storyboard in Resources */ = {isa = PBXBuildFile; fileRef = 11367E482513CF3800B056E4 /* Main.storyboard */; };
		11367E4C2513CF3B00B056E4 /* Assets.xcassets in Resources */ = {isa = PBXBuildFile; fileRef = 11367E4B2513CF3B00B056E4 /* Assets.xcassets */; };
		11367E4F2513CF3B00B056E4 /* LaunchScreen.storyboard in Resources */ = {isa = PBXBuildFile; fileRef = 11367E4D2513CF3B00B056E4 /* LaunchScreen.storyboard */; };
		11367E5A2513CF3B00B056E4 /* NIBM_COVID19Tests.swift in Sources */ = {isa = PBXBuildFile; fileRef = 11367E592513CF3B00B056E4 /* NIBM_COVID19Tests.swift */; };
		11367E652513CF3B00B056E4 /* NIBM_COVID19UITests.swift in Sources */ = {isa = PBXBuildFile; fileRef = 11367E642513CF3B00B056E4 /* NIBM_COVID19UITests.swift */; };
		11367E7425141D7000B056E4 /* LoginViewController.swift in Sources */ = {isa = PBXBuildFile; fileRef = 11367E7325141D7000B056E4 /* LoginViewController.swift */; };
		11367E7625141DA600B056E4 /* CreateAccountViewController.swift in Sources */ = {isa = PBXBuildFile; fileRef = 11367E7525141DA600B056E4 /* CreateAccountViewController.swift */; };
		1154D4CE2515FB71004D96B0 /* GoogleService-Info.plist in Resources */ = {isa = PBXBuildFile; fileRef = 1154D4CD2515FB71004D96B0 /* GoogleService-Info.plist */; };
		1154D4D2251742B9004D96B0 /* HomeViewController.swift in Sources */ = {isa = PBXBuildFile; fileRef = 1154D4D1251742B9004D96B0 /* HomeViewController.swift */; };
		1154D4DE25176B0D004D96B0 /* Constants.swift in Sources */ = {isa = PBXBuildFile; fileRef = 1154D4DD25176B0D004D96B0 /* Constants.swift */; };
		1154D4E0251772B3004D96B0 /* Navigation.swift in Sources */ = {isa = PBXBuildFile; fileRef = 1154D4DF251772B3004D96B0 /* Navigation.swift */; };
		1154D4E325177321004D96B0 /* NavController.swift in Sources */ = {isa = PBXBuildFile; fileRef = 1154D4E225177321004D96B0 /* NavController.swift */; };
		6106A055459766411C2AC858 /* Pods_NIBM_COVID19.framework in Frameworks */ = {isa = PBXBuildFile; fileRef = 6DF27B7E879F7D53B3D9E51B /* Pods_NIBM_COVID19.framework */; };
		61ABE71C6687D67A67ED178E /* Pods_NIBM_COVID19Tests.framework in Frameworks */ = {isa = PBXBuildFile; fileRef = 691D79BEB4D4F70CB04F0D7D /* Pods_NIBM_COVID19Tests.framework */; };
		C485FFCCD83484A3229AFB9F /* Pods_NIBM_COVID19_NIBM_COVID19UITests.framework in Frameworks */ = {isa = PBXBuildFile; fileRef = E6961CD5F767EE43AF0B17FB /* Pods_NIBM_COVID19_NIBM_COVID19UITests.framework */; };
/* End PBXBuildFile section */

/* Begin PBXContainerItemProxy section */
		11367E562513CF3B00B056E4 /* PBXContainerItemProxy */ = {
			isa = PBXContainerItemProxy;
			containerPortal = 11367E372513CF3800B056E4 /* Project object */;
			proxyType = 1;
			remoteGlobalIDString = 11367E3E2513CF3800B056E4;
			remoteInfo = NIBM_COVID19;
		};
		11367E612513CF3B00B056E4 /* PBXContainerItemProxy */ = {
			isa = PBXContainerItemProxy;
			containerPortal = 11367E372513CF3800B056E4 /* Project object */;
			proxyType = 1;
			remoteGlobalIDString = 11367E3E2513CF3800B056E4;
			remoteInfo = NIBM_COVID19;
		};
/* End PBXContainerItemProxy section */

/* Begin PBXFileReference section */
		0C30D1AB4C4C940A9EE34FA7 /* Pods-NIBM_COVID19.debug.xcconfig */ = {isa = PBXFileReference; includeInIndex = 1; lastKnownFileType = text.xcconfig; name = "Pods-NIBM_COVID19.debug.xcconfig"; path = "Target Support Files/Pods-NIBM_COVID19/Pods-NIBM_COVID19.debug.xcconfig"; sourceTree = "<group>"; };
		11367E3F2513CF3800B056E4 /* NIBM_COVID19.app */ = {isa = PBXFileReference; explicitFileType = wrapper.application; includeInIndex = 0; path = NIBM_COVID19.app; sourceTree = BUILT_PRODUCTS_DIR; };
		11367E422513CF3800B056E4 /* AppDelegate.swift */ = {isa = PBXFileReference; lastKnownFileType = sourcecode.swift; path = AppDelegate.swift; sourceTree = "<group>"; };
		11367E442513CF3800B056E4 /* SceneDelegate.swift */ = {isa = PBXFileReference; lastKnownFileType = sourcecode.swift; path = SceneDelegate.swift; sourceTree = "<group>"; };
		11367E492513CF3800B056E4 /* Base */ = {isa = PBXFileReference; lastKnownFileType = file.storyboard; name = Base; path = Base.lproj/Main.storyboard; sourceTree = "<group>"; };
		11367E4B2513CF3B00B056E4 /* Assets.xcassets */ = {isa = PBXFileReference; lastKnownFileType = folder.assetcatalog; path = Assets.xcassets; sourceTree = "<group>"; };
		11367E4E2513CF3B00B056E4 /* Base */ = {isa = PBXFileReference; lastKnownFileType = file.storyboard; name = Base; path = Base.lproj/LaunchScreen.storyboard; sourceTree = "<group>"; };
		11367E502513CF3B00B056E4 /* Info.plist */ = {isa = PBXFileReference; lastKnownFileType = text.plist.xml; path = Info.plist; sourceTree = "<group>"; };
		11367E552513CF3B00B056E4 /* NIBM_COVID19Tests.xctest */ = {isa = PBXFileReference; explicitFileType = wrapper.cfbundle; includeInIndex = 0; path = NIBM_COVID19Tests.xctest; sourceTree = BUILT_PRODUCTS_DIR; };
		11367E592513CF3B00B056E4 /* NIBM_COVID19Tests.swift */ = {isa = PBXFileReference; lastKnownFileType = sourcecode.swift; path = NIBM_COVID19Tests.swift; sourceTree = "<group>"; };
		11367E5B2513CF3B00B056E4 /* Info.plist */ = {isa = PBXFileReference; lastKnownFileType = text.plist.xml; path = Info.plist; sourceTree = "<group>"; };
		11367E602513CF3B00B056E4 /* NIBM_COVID19UITests.xctest */ = {isa = PBXFileReference; explicitFileType = wrapper.cfbundle; includeInIndex = 0; path = NIBM_COVID19UITests.xctest; sourceTree = BUILT_PRODUCTS_DIR; };
		11367E642513CF3B00B056E4 /* NIBM_COVID19UITests.swift */ = {isa = PBXFileReference; lastKnownFileType = sourcecode.swift; path = NIBM_COVID19UITests.swift; sourceTree = "<group>"; };
		11367E662513CF3B00B056E4 /* Info.plist */ = {isa = PBXFileReference; lastKnownFileType = text.plist.xml; path = Info.plist; sourceTree = "<group>"; };
		11367E7325141D7000B056E4 /* LoginViewController.swift */ = {isa = PBXFileReference; lastKnownFileType = sourcecode.swift; path = LoginViewController.swift; sourceTree = "<group>"; };
		11367E7525141DA600B056E4 /* CreateAccountViewController.swift */ = {isa = PBXFileReference; lastKnownFileType = sourcecode.swift; path = CreateAccountViewController.swift; sourceTree = "<group>"; };
		1154D4CD2515FB71004D96B0 /* GoogleService-Info.plist */ = {isa = PBXFileReference; fileEncoding = 4; lastKnownFileType = text.plist.xml; path = "GoogleService-Info.plist"; sourceTree = "<group>"; };
		1154D4D1251742B9004D96B0 /* HomeViewController.swift */ = {isa = PBXFileReference; lastKnownFileType = sourcecode.swift; path = HomeViewController.swift; sourceTree = "<group>"; };
		1154D4DD25176B0D004D96B0 /* Constants.swift */ = {isa = PBXFileReference; lastKnownFileType = sourcecode.swift; path = Constants.swift; sourceTree = "<group>"; };
		1154D4DF251772B3004D96B0 /* Navigation.swift */ = {isa = PBXFileReference; lastKnownFileType = sourcecode.swift; path = Navigation.swift; sourceTree = "<group>"; };
		1154D4E225177321004D96B0 /* NavController.swift */ = {isa = PBXFileReference; lastKnownFileType = sourcecode.swift; path = NavController.swift; sourceTree = "<group>"; };
		203C6F87B8E81E3A5D5830EA /* Pods-NIBM_COVID19-NIBM_COVID19UITests.debug.xcconfig */ = {isa = PBXFileReference; includeInIndex = 1; lastKnownFileType = text.xcconfig; name = "Pods-NIBM_COVID19-NIBM_COVID19UITests.debug.xcconfig"; path = "Target Support Files/Pods-NIBM_COVID19-NIBM_COVID19UITests/Pods-NIBM_COVID19-NIBM_COVID19UITests.debug.xcconfig"; sourceTree = "<group>"; };
		4041BDDA97BF86DDFAC8097E /* Pods-NIBM_COVID19.release.xcconfig */ = {isa = PBXFileReference; includeInIndex = 1; lastKnownFileType = text.xcconfig; name = "Pods-NIBM_COVID19.release.xcconfig"; path = "Target Support Files/Pods-NIBM_COVID19/Pods-NIBM_COVID19.release.xcconfig"; sourceTree = "<group>"; };
		691D79BEB4D4F70CB04F0D7D /* Pods_NIBM_COVID19Tests.framework */ = {isa = PBXFileReference; explicitFileType = wrapper.framework; includeInIndex = 0; path = Pods_NIBM_COVID19Tests.framework; sourceTree = BUILT_PRODUCTS_DIR; };
		6DF27B7E879F7D53B3D9E51B /* Pods_NIBM_COVID19.framework */ = {isa = PBXFileReference; explicitFileType = wrapper.framework; includeInIndex = 0; path = Pods_NIBM_COVID19.framework; sourceTree = BUILT_PRODUCTS_DIR; };
		D71A7F2AA51B7F7FEDE26B6C /* Pods-NIBM_COVID19Tests.release.xcconfig */ = {isa = PBXFileReference; includeInIndex = 1; lastKnownFileType = text.xcconfig; name = "Pods-NIBM_COVID19Tests.release.xcconfig"; path = "Target Support Files/Pods-NIBM_COVID19Tests/Pods-NIBM_COVID19Tests.release.xcconfig"; sourceTree = "<group>"; };
		DF9FD854CEC7CA895EBB3106 /* Pods-NIBM_COVID19Tests.debug.xcconfig */ = {isa = PBXFileReference; includeInIndex = 1; lastKnownFileType = text.xcconfig; name = "Pods-NIBM_COVID19Tests.debug.xcconfig"; path = "Target Support Files/Pods-NIBM_COVID19Tests/Pods-NIBM_COVID19Tests.debug.xcconfig"; sourceTree = "<group>"; };
		E6961CD5F767EE43AF0B17FB /* Pods_NIBM_COVID19_NIBM_COVID19UITests.framework */ = {isa = PBXFileReference; explicitFileType = wrapper.framework; includeInIndex = 0; path = Pods_NIBM_COVID19_NIBM_COVID19UITests.framework; sourceTree = BUILT_PRODUCTS_DIR; };
		EE69395AA4339ACBEC0FBBF8 /* Pods-NIBM_COVID19-NIBM_COVID19UITests.release.xcconfig */ = {isa = PBXFileReference; includeInIndex = 1; lastKnownFileType = text.xcconfig; name = "Pods-NIBM_COVID19-NIBM_COVID19UITests.release.xcconfig"; path = "Target Support Files/Pods-NIBM_COVID19-NIBM_COVID19UITests/Pods-NIBM_COVID19-NIBM_COVID19UITests.release.xcconfig"; sourceTree = "<group>"; };
/* End PBXFileReference section */

/* Begin PBXFrameworksBuildPhase section */
		11367E3C2513CF3800B056E4 /* Frameworks */ = {
			isa = PBXFrameworksBuildPhase;
			buildActionMask = 2147483647;
			files = (
				6106A055459766411C2AC858 /* Pods_NIBM_COVID19.framework in Frameworks */,
			);
			runOnlyForDeploymentPostprocessing = 0;
		};
		11367E522513CF3B00B056E4 /* Frameworks */ = {
			isa = PBXFrameworksBuildPhase;
			buildActionMask = 2147483647;
			files = (
				61ABE71C6687D67A67ED178E /* Pods_NIBM_COVID19Tests.framework in Frameworks */,
			);
			runOnlyForDeploymentPostprocessing = 0;
		};
		11367E5D2513CF3B00B056E4 /* Frameworks */ = {
			isa = PBXFrameworksBuildPhase;
			buildActionMask = 2147483647;
			files = (
				C485FFCCD83484A3229AFB9F /* Pods_NIBM_COVID19_NIBM_COVID19UITests.framework in Frameworks */,
			);
			runOnlyForDeploymentPostprocessing = 0;
		};
/* End PBXFrameworksBuildPhase section */

/* Begin PBXGroup section */
		11367E362513CF3800B056E4 = {
			isa = PBXGroup;
			children = (
				11367E412513CF3800B056E4 /* NIBM_COVID19 */,
				11367E582513CF3B00B056E4 /* NIBM_COVID19Tests */,
				11367E632513CF3B00B056E4 /* NIBM_COVID19UITests */,
				11367E402513CF3800B056E4 /* Products */,
				BD594553E3290A8F20EEFA8F /* Pods */,
				ED9411F659AC817EAE56AC3F /* Frameworks */,
			);
			sourceTree = "<group>";
		};
		11367E402513CF3800B056E4 /* Products */ = {
			isa = PBXGroup;
			children = (
				11367E3F2513CF3800B056E4 /* NIBM_COVID19.app */,
				11367E552513CF3B00B056E4 /* NIBM_COVID19Tests.xctest */,
				11367E602513CF3B00B056E4 /* NIBM_COVID19UITests.xctest */,
			);
			name = Products;
			sourceTree = "<group>";
		};
		11367E412513CF3800B056E4 /* NIBM_COVID19 */ = {
			isa = PBXGroup;
			children = (
				1154D4E1251772FD004D96B0 /* Nav */,
				1154D4D3251746CF004D96B0 /* Helpers */,
				11367E722513F3D700B056E4 /* ViewControllers */,
				11367E422513CF3800B056E4 /* AppDelegate.swift */,
				11367E442513CF3800B056E4 /* SceneDelegate.swift */,
				11367E482513CF3800B056E4 /* Main.storyboard */,
				11367E4B2513CF3B00B056E4 /* Assets.xcassets */,
				11367E4D2513CF3B00B056E4 /* LaunchScreen.storyboard */,
				1154D4CD2515FB71004D96B0 /* GoogleService-Info.plist */,
				11367E502513CF3B00B056E4 /* Info.plist */,
			);
			path = NIBM_COVID19;
			sourceTree = "<group>";
		};
		11367E582513CF3B00B056E4 /* NIBM_COVID19Tests */ = {
			isa = PBXGroup;
			children = (
				11367E592513CF3B00B056E4 /* NIBM_COVID19Tests.swift */,
				11367E5B2513CF3B00B056E4 /* Info.plist */,
			);
			path = NIBM_COVID19Tests;
			sourceTree = "<group>";
		};
		11367E632513CF3B00B056E4 /* NIBM_COVID19UITests */ = {
			isa = PBXGroup;
			children = (
				11367E642513CF3B00B056E4 /* NIBM_COVID19UITests.swift */,
				11367E662513CF3B00B056E4 /* Info.plist */,
			);
			path = NIBM_COVID19UITests;
			sourceTree = "<group>";
		};
		11367E722513F3D700B056E4 /* ViewControllers */ = {
			isa = PBXGroup;
			children = (
				11367E7325141D7000B056E4 /* LoginViewController.swift */,
				11367E7525141DA600B056E4 /* CreateAccountViewController.swift */,
				1154D4D1251742B9004D96B0 /* HomeViewController.swift */,
			);
			path = ViewControllers;
			sourceTree = "<group>";
		};
		1154D4D3251746CF004D96B0 /* Helpers */ = {
			isa = PBXGroup;
			children = (
				1154D4DD25176B0D004D96B0 /* Constants.swift */,
				1154D4DF251772B3004D96B0 /* Navigation.swift */,
			);
			path = Helpers;
			sourceTree = "<group>";
		};
		1154D4E1251772FD004D96B0 /* Nav */ = {
			isa = PBXGroup;
			children = (
				1154D4E225177321004D96B0 /* NavController.swift */,
			);
			path = Nav;
			sourceTree = "<group>";
		};
		BD594553E3290A8F20EEFA8F /* Pods */ = {
			isa = PBXGroup;
			children = (
				0C30D1AB4C4C940A9EE34FA7 /* Pods-NIBM_COVID19.debug.xcconfig */,
				4041BDDA97BF86DDFAC8097E /* Pods-NIBM_COVID19.release.xcconfig */,
				203C6F87B8E81E3A5D5830EA /* Pods-NIBM_COVID19-NIBM_COVID19UITests.debug.xcconfig */,
				EE69395AA4339ACBEC0FBBF8 /* Pods-NIBM_COVID19-NIBM_COVID19UITests.release.xcconfig */,
				DF9FD854CEC7CA895EBB3106 /* Pods-NIBM_COVID19Tests.debug.xcconfig */,
				D71A7F2AA51B7F7FEDE26B6C /* Pods-NIBM_COVID19Tests.release.xcconfig */,
			);
			path = Pods;
			sourceTree = "<group>";
		};
		ED9411F659AC817EAE56AC3F /* Frameworks */ = {
			isa = PBXGroup;
			children = (
				6DF27B7E879F7D53B3D9E51B /* Pods_NIBM_COVID19.framework */,
				E6961CD5F767EE43AF0B17FB /* Pods_NIBM_COVID19_NIBM_COVID19UITests.framework */,
				691D79BEB4D4F70CB04F0D7D /* Pods_NIBM_COVID19Tests.framework */,
			);
			name = Frameworks;
			sourceTree = "<group>";
		};
/* End PBXGroup section */

/* Begin PBXNativeTarget section */
		11367E3E2513CF3800B056E4 /* NIBM_COVID19 */ = {
			isa = PBXNativeTarget;
			buildConfigurationList = 11367E692513CF3B00B056E4 /* Build configuration list for PBXNativeTarget "NIBM_COVID19" */;
			buildPhases = (
				D93585DAAEBB74F584F76556 /* [CP] Check Pods Manifest.lock */,
				11367E3B2513CF3800B056E4 /* Sources */,
				11367E3C2513CF3800B056E4 /* Frameworks */,
				11367E3D2513CF3800B056E4 /* Resources */,
				0DDA14E231AFCDED2641343C /* [CP] Embed Pods Frameworks */,
			);
			buildRules = (
			);
			dependencies = (
			);
			name = NIBM_COVID19;
			productName = NIBM_COVID19;
			productReference = 11367E3F2513CF3800B056E4 /* NIBM_COVID19.app */;
			productType = "com.apple.product-type.application";
		};
		11367E542513CF3B00B056E4 /* NIBM_COVID19Tests */ = {
			isa = PBXNativeTarget;
			buildConfigurationList = 11367E6C2513CF3B00B056E4 /* Build configuration list for PBXNativeTarget "NIBM_COVID19Tests" */;
			buildPhases = (
				D5F2469AE55D3AD521160482 /* [CP] Check Pods Manifest.lock */,
				11367E512513CF3B00B056E4 /* Sources */,
				11367E522513CF3B00B056E4 /* Frameworks */,
				11367E532513CF3B00B056E4 /* Resources */,
			);
			buildRules = (
			);
			dependencies = (
				11367E572513CF3B00B056E4 /* PBXTargetDependency */,
			);
			name = NIBM_COVID19Tests;
			productName = NIBM_COVID19Tests;
			productReference = 11367E552513CF3B00B056E4 /* NIBM_COVID19Tests.xctest */;
			productType = "com.apple.product-type.bundle.unit-test";
		};
		11367E5F2513CF3B00B056E4 /* NIBM_COVID19UITests */ = {
			isa = PBXNativeTarget;
			buildConfigurationList = 11367E6F2513CF3B00B056E4 /* Build configuration list for PBXNativeTarget "NIBM_COVID19UITests" */;
			buildPhases = (
				D671B1E1C961BF82375E6C70 /* [CP] Check Pods Manifest.lock */,
				11367E5C2513CF3B00B056E4 /* Sources */,
				11367E5D2513CF3B00B056E4 /* Frameworks */,
				11367E5E2513CF3B00B056E4 /* Resources */,
				2CFA21FC26D54E8D0E19D47F /* [CP] Embed Pods Frameworks */,
			);
			buildRules = (
			);
			dependencies = (
				11367E622513CF3B00B056E4 /* PBXTargetDependency */,
			);
			name = NIBM_COVID19UITests;
			productName = NIBM_COVID19UITests;
			productReference = 11367E602513CF3B00B056E4 /* NIBM_COVID19UITests.xctest */;
			productType = "com.apple.product-type.bundle.ui-testing";
		};
/* End PBXNativeTarget section */

/* Begin PBXProject section */
		11367E372513CF3800B056E4 /* Project object */ = {
			isa = PBXProject;
			attributes = {
				LastSwiftUpdateCheck = 1170;
				LastUpgradeCheck = 1170;
				ORGANIZATIONNAME = "Isuru Prabhash";
				TargetAttributes = {
					11367E3E2513CF3800B056E4 = {
						CreatedOnToolsVersion = 11.7;
					};
					11367E542513CF3B00B056E4 = {
						CreatedOnToolsVersion = 11.7;
						TestTargetID = 11367E3E2513CF3800B056E4;
					};
					11367E5F2513CF3B00B056E4 = {
						CreatedOnToolsVersion = 11.7;
						TestTargetID = 11367E3E2513CF3800B056E4;
					};
				};
			};
			buildConfigurationList = 11367E3A2513CF3800B056E4 /* Build configuration list for PBXProject "NIBM_COVID19" */;
			compatibilityVersion = "Xcode 9.3";
			developmentRegion = en;
			hasScannedForEncodings = 0;
			knownRegions = (
				en,
				Base,
			);
			mainGroup = 11367E362513CF3800B056E4;
			productRefGroup = 11367E402513CF3800B056E4 /* Products */;
			projectDirPath = "";
			projectRoot = "";
			targets = (
				11367E3E2513CF3800B056E4 /* NIBM_COVID19 */,
				11367E542513CF3B00B056E4 /* NIBM_COVID19Tests */,
				11367E5F2513CF3B00B056E4 /* NIBM_COVID19UITests */,
			);
		};
/* End PBXProject section */

/* Begin PBXResourcesBuildPhase section */
		11367E3D2513CF3800B056E4 /* Resources */ = {
			isa = PBXResourcesBuildPhase;
			buildActionMask = 2147483647;
			files = (
				11367E4F2513CF3B00B056E4 /* LaunchScreen.storyboard in Resources */,
				1154D4CE2515FB71004D96B0 /* GoogleService-Info.plist in Resources */,
				11367E4C2513CF3B00B056E4 /* Assets.xcassets in Resources */,
				11367E4A2513CF3800B056E4 /* Main.storyboard in Resources */,
			);
			runOnlyForDeploymentPostprocessing = 0;
		};
		11367E532513CF3B00B056E4 /* Resources */ = {
			isa = PBXResourcesBuildPhase;
			buildActionMask = 2147483647;
			files = (
			);
			runOnlyForDeploymentPostprocessing = 0;
		};
		11367E5E2513CF3B00B056E4 /* Resources */ = {
			isa = PBXResourcesBuildPhase;
			buildActionMask = 2147483647;
			files = (
			);
			runOnlyForDeploymentPostprocessing = 0;
		};
/* End PBXResourcesBuildPhase section */

/* Begin PBXShellScriptBuildPhase section */
		0DDA14E231AFCDED2641343C /* [CP] Embed Pods Frameworks */ = {
			isa = PBXShellScriptBuildPhase;
			buildActionMask = 2147483647;
			files = (
			);
			inputFileListPaths = (
				"${PODS_ROOT}/Target Support Files/Pods-NIBM_COVID19/Pods-NIBM_COVID19-frameworks-${CONFIGURATION}-input-files.xcfilelist",
			);
			name = "[CP] Embed Pods Frameworks";
			outputFileListPaths = (
				"${PODS_ROOT}/Target Support Files/Pods-NIBM_COVID19/Pods-NIBM_COVID19-frameworks-${CONFIGURATION}-output-files.xcfilelist",
			);
			runOnlyForDeploymentPostprocessing = 0;
			shellPath = /bin/sh;
			shellScript = "\"${PODS_ROOT}/Target Support Files/Pods-NIBM_COVID19/Pods-NIBM_COVID19-frameworks.sh\"\n";
			showEnvVarsInLog = 0;
		};
		2CFA21FC26D54E8D0E19D47F /* [CP] Embed Pods Frameworks */ = {
			isa = PBXShellScriptBuildPhase;
			buildActionMask = 2147483647;
			files = (
			);
			inputFileListPaths = (
				"${PODS_ROOT}/Target Support Files/Pods-NIBM_COVID19-NIBM_COVID19UITests/Pods-NIBM_COVID19-NIBM_COVID19UITests-frameworks-${CONFIGURATION}-input-files.xcfilelist",
			);
			name = "[CP] Embed Pods Frameworks";
			outputFileListPaths = (
				"${PODS_ROOT}/Target Support Files/Pods-NIBM_COVID19-NIBM_COVID19UITests/Pods-NIBM_COVID19-NIBM_COVID19UITests-frameworks-${CONFIGURATION}-output-files.xcfilelist",
			);
			runOnlyForDeploymentPostprocessing = 0;
			shellPath = /bin/sh;
			shellScript = "\"${PODS_ROOT}/Target Support Files/Pods-NIBM_COVID19-NIBM_COVID19UITests/Pods-NIBM_COVID19-NIBM_COVID19UITests-frameworks.sh\"\n";
			showEnvVarsInLog = 0;
		};
		D5F2469AE55D3AD521160482 /* [CP] Check Pods Manifest.lock */ = {
			isa = PBXShellScriptBuildPhase;
			buildActionMask = 2147483647;
			files = (
			);
			inputFileListPaths = (
			);
			inputPaths = (
				"${PODS_PODFILE_DIR_PATH}/Podfile.lock",
				"${PODS_ROOT}/Manifest.lock",
			);
			name = "[CP] Check Pods Manifest.lock";
			outputFileListPaths = (
			);
			outputPaths = (
				"$(DERIVED_FILE_DIR)/Pods-NIBM_COVID19Tests-checkManifestLockResult.txt",
			);
			runOnlyForDeploymentPostprocessing = 0;
			shellPath = /bin/sh;
			shellScript = "diff \"${PODS_PODFILE_DIR_PATH}/Podfile.lock\" \"${PODS_ROOT}/Manifest.lock\" > /dev/null\nif [ $? != 0 ] ; then\n    # print error to STDERR\n    echo \"error: The sandbox is not in sync with the Podfile.lock. Run 'pod install' or update your CocoaPods installation.\" >&2\n    exit 1\nfi\n# This output is used by Xcode 'outputs' to avoid re-running this script phase.\necho \"SUCCESS\" > \"${SCRIPT_OUTPUT_FILE_0}\"\n";
			showEnvVarsInLog = 0;
		};
		D671B1E1C961BF82375E6C70 /* [CP] Check Pods Manifest.lock */ = {
			isa = PBXShellScriptBuildPhase;
			buildActionMask = 2147483647;
			files = (
			);
			inputFileListPaths = (
			);
			inputPaths = (
				"${PODS_PODFILE_DIR_PATH}/Podfile.lock",
				"${PODS_ROOT}/Manifest.lock",
			);
			name = "[CP] Check Pods Manifest.lock";
			outputFileListPaths = (
			);
			outputPaths = (
				"$(DERIVED_FILE_DIR)/Pods-NIBM_COVID19-NIBM_COVID19UITests-checkManifestLockResult.txt",
			);
			runOnlyForDeploymentPostprocessing = 0;
			shellPath = /bin/sh;
			shellScript = "diff \"${PODS_PODFILE_DIR_PATH}/Podfile.lock\" \"${PODS_ROOT}/Manifest.lock\" > /dev/null\nif [ $? != 0 ] ; then\n    # print error to STDERR\n    echo \"error: The sandbox is not in sync with the Podfile.lock. Run 'pod install' or update your CocoaPods installation.\" >&2\n    exit 1\nfi\n# This output is used by Xcode 'outputs' to avoid re-running this script phase.\necho \"SUCCESS\" > \"${SCRIPT_OUTPUT_FILE_0}\"\n";
			showEnvVarsInLog = 0;
		};
		D93585DAAEBB74F584F76556 /* [CP] Check Pods Manifest.lock */ = {
			isa = PBXShellScriptBuildPhase;
			buildActionMask = 2147483647;
			files = (
			);
			inputFileListPaths = (
			);
			inputPaths = (
				"${PODS_PODFILE_DIR_PATH}/Podfile.lock",
				"${PODS_ROOT}/Manifest.lock",
			);
			name = "[CP] Check Pods Manifest.lock";
			outputFileListPaths = (
			);
			outputPaths = (
				"$(DERIVED_FILE_DIR)/Pods-NIBM_COVID19-checkManifestLockResult.txt",
			);
			runOnlyForDeploymentPostprocessing = 0;
			shellPath = /bin/sh;
			shellScript = "diff \"${PODS_PODFILE_DIR_PATH}/Podfile.lock\" \"${PODS_ROOT}/Manifest.lock\" > /dev/null\nif [ $? != 0 ] ; then\n    # print error to STDERR\n    echo \"error: The sandbox is not in sync with the Podfile.lock. Run 'pod install' or update your CocoaPods installation.\" >&2\n    exit 1\nfi\n# This output is used by Xcode 'outputs' to avoid re-running this script phase.\necho \"SUCCESS\" > \"${SCRIPT_OUTPUT_FILE_0}\"\n";
			showEnvVarsInLog = 0;
		};
/* End PBXShellScriptBuildPhase section */

/* Begin PBXSourcesBuildPhase section */
		11367E3B2513CF3800B056E4 /* Sources */ = {
			isa = PBXSourcesBuildPhase;
			buildActionMask = 2147483647;
			files = (
				1154D4D2251742B9004D96B0 /* HomeViewController.swift in Sources */,
				11367E7625141DA600B056E4 /* CreateAccountViewController.swift in Sources */,
				1154D4E0251772B3004D96B0 /* Navigation.swift in Sources */,
				11367E7425141D7000B056E4 /* LoginViewController.swift in Sources */,
				11367E432513CF3800B056E4 /* AppDelegate.swift in Sources */,
				1154D4DE25176B0D004D96B0 /* Constants.swift in Sources */,
				11367E452513CF3800B056E4 /* SceneDelegate.swift in Sources */,
				1154D4E325177321004D96B0 /* NavController.swift in Sources */,
			);
			runOnlyForDeploymentPostprocessing = 0;
		};
		11367E512513CF3B00B056E4 /* Sources */ = {
			isa = PBXSourcesBuildPhase;
			buildActionMask = 2147483647;
			files = (
				11367E5A2513CF3B00B056E4 /* NIBM_COVID19Tests.swift in Sources */,
			);
			runOnlyForDeploymentPostprocessing = 0;
		};
		11367E5C2513CF3B00B056E4 /* Sources */ = {
			isa = PBXSourcesBuildPhase;
			buildActionMask = 2147483647;
			files = (
				11367E652513CF3B00B056E4 /* NIBM_COVID19UITests.swift in Sources */,
			);
			runOnlyForDeploymentPostprocessing = 0;
		};
/* End PBXSourcesBuildPhase section */

/* Begin PBXTargetDependency section */
		11367E572513CF3B00B056E4 /* PBXTargetDependency */ = {
			isa = PBXTargetDependency;
			target = 11367E3E2513CF3800B056E4 /* NIBM_COVID19 */;
			targetProxy = 11367E562513CF3B00B056E4 /* PBXContainerItemProxy */;
		};
		11367E622513CF3B00B056E4 /* PBXTargetDependency */ = {
			isa = PBXTargetDependency;
			target = 11367E3E2513CF3800B056E4 /* NIBM_COVID19 */;
			targetProxy = 11367E612513CF3B00B056E4 /* PBXContainerItemProxy */;
		};
/* End PBXTargetDependency section */

/* Begin PBXVariantGroup section */
		11367E482513CF3800B056E4 /* Main.storyboard */ = {
			isa = PBXVariantGroup;
			children = (
				11367E492513CF3800B056E4 /* Base */,
			);
			name = Main.storyboard;
			sourceTree = "<group>";
		};
		11367E4D2513CF3B00B056E4 /* LaunchScreen.storyboard */ = {
			isa = PBXVariantGroup;
			children = (
				11367E4E2513CF3B00B056E4 /* Base */,
			);
			name = LaunchScreen.storyboard;
			sourceTree = "<group>";
		};
/* End PBXVariantGroup section */

/* Begin XCBuildConfiguration section */
		11367E672513CF3B00B056E4 /* Debug */ = {
			isa = XCBuildConfiguration;
			buildSettings = {
				ALWAYS_SEARCH_USER_PATHS = NO;
				CLANG_ANALYZER_NONNULL = YES;
				CLANG_ANALYZER_NUMBER_OBJECT_CONVERSION = YES_AGGRESSIVE;
				CLANG_CXX_LANGUAGE_STANDARD = "gnu++14";
				CLANG_CXX_LIBRARY = "libc++";
				CLANG_ENABLE_MODULES = YES;
				CLANG_ENABLE_OBJC_ARC = YES;
				CLANG_ENABLE_OBJC_WEAK = YES;
				CLANG_WARN_BLOCK_CAPTURE_AUTORELEASING = YES;
				CLANG_WARN_BOOL_CONVERSION = YES;
				CLANG_WARN_COMMA = YES;
				CLANG_WARN_CONSTANT_CONVERSION = YES;
				CLANG_WARN_DEPRECATED_OBJC_IMPLEMENTATIONS = YES;
				CLANG_WARN_DIRECT_OBJC_ISA_USAGE = YES_ERROR;
				CLANG_WARN_DOCUMENTATION_COMMENTS = YES;
				CLANG_WARN_EMPTY_BODY = YES;
				CLANG_WARN_ENUM_CONVERSION = YES;
				CLANG_WARN_INFINITE_RECURSION = YES;
				CLANG_WARN_INT_CONVERSION = YES;
				CLANG_WARN_NON_LITERAL_NULL_CONVERSION = YES;
				CLANG_WARN_OBJC_IMPLICIT_RETAIN_SELF = YES;
				CLANG_WARN_OBJC_LITERAL_CONVERSION = YES;
				CLANG_WARN_OBJC_ROOT_CLASS = YES_ERROR;
				CLANG_WARN_RANGE_LOOP_ANALYSIS = YES;
				CLANG_WARN_STRICT_PROTOTYPES = YES;
				CLANG_WARN_SUSPICIOUS_MOVE = YES;
				CLANG_WARN_UNGUARDED_AVAILABILITY = YES_AGGRESSIVE;
				CLANG_WARN_UNREACHABLE_CODE = YES;
				CLANG_WARN__DUPLICATE_METHOD_MATCH = YES;
				COPY_PHASE_STRIP = NO;
				DEBUG_INFORMATION_FORMAT = dwarf;
				ENABLE_STRICT_OBJC_MSGSEND = YES;
				ENABLE_TESTABILITY = YES;
				GCC_C_LANGUAGE_STANDARD = gnu11;
				GCC_DYNAMIC_NO_PIC = NO;
				GCC_NO_COMMON_BLOCKS = YES;
				GCC_OPTIMIZATION_LEVEL = 0;
				GCC_PREPROCESSOR_DEFINITIONS = (
					"DEBUG=1",
					"$(inherited)",
				);
				GCC_WARN_64_TO_32_BIT_CONVERSION = YES;
				GCC_WARN_ABOUT_RETURN_TYPE = YES_ERROR;
				GCC_WARN_UNDECLARED_SELECTOR = YES;
				GCC_WARN_UNINITIALIZED_AUTOS = YES_AGGRESSIVE;
				GCC_WARN_UNUSED_FUNCTION = YES;
				GCC_WARN_UNUSED_VARIABLE = YES;
				IPHONEOS_DEPLOYMENT_TARGET = 13.7;
				MTL_ENABLE_DEBUG_INFO = INCLUDE_SOURCE;
				MTL_FAST_MATH = YES;
				ONLY_ACTIVE_ARCH = YES;
				SDKROOT = iphoneos;
				SWIFT_ACTIVE_COMPILATION_CONDITIONS = DEBUG;
				SWIFT_OPTIMIZATION_LEVEL = "-Onone";
			};
			name = Debug;
		};
		11367E682513CF3B00B056E4 /* Release */ = {
			isa = XCBuildConfiguration;
			buildSettings = {
				ALWAYS_SEARCH_USER_PATHS = NO;
				CLANG_ANALYZER_NONNULL = YES;
				CLANG_ANALYZER_NUMBER_OBJECT_CONVERSION = YES_AGGRESSIVE;
				CLANG_CXX_LANGUAGE_STANDARD = "gnu++14";
				CLANG_CXX_LIBRARY = "libc++";
				CLANG_ENABLE_MODULES = YES;
				CLANG_ENABLE_OBJC_ARC = YES;
				CLANG_ENABLE_OBJC_WEAK = YES;
				CLANG_WARN_BLOCK_CAPTURE_AUTORELEASING = YES;
				CLANG_WARN_BOOL_CONVERSION = YES;
				CLANG_WARN_COMMA = YES;
				CLANG_WARN_CONSTANT_CONVERSION = YES;
				CLANG_WARN_DEPRECATED_OBJC_IMPLEMENTATIONS = YES;
				CLANG_WARN_DIRECT_OBJC_ISA_USAGE = YES_ERROR;
				CLANG_WARN_DOCUMENTATION_COMMENTS = YES;
				CLANG_WARN_EMPTY_BODY = YES;
				CLANG_WARN_ENUM_CONVERSION = YES;
				CLANG_WARN_INFINITE_RECURSION = YES;
				CLANG_WARN_INT_CONVERSION = YES;
				CLANG_WARN_NON_LITERAL_NULL_CONVERSION = YES;
				CLANG_WARN_OBJC_IMPLICIT_RETAIN_SELF = YES;
				CLANG_WARN_OBJC_LITERAL_CONVERSION = YES;
				CLANG_WARN_OBJC_ROOT_CLASS = YES_ERROR;
				CLANG_WARN_RANGE_LOOP_ANALYSIS = YES;
				CLANG_WARN_STRICT_PROTOTYPES = YES;
				CLANG_WARN_SUSPICIOUS_MOVE = YES;
				CLANG_WARN_UNGUARDED_AVAILABILITY = YES_AGGRESSIVE;
				CLANG_WARN_UNREACHABLE_CODE = YES;
				CLANG_WARN__DUPLICATE_METHOD_MATCH = YES;
				COPY_PHASE_STRIP = NO;
				DEBUG_INFORMATION_FORMAT = "dwarf-with-dsym";
				ENABLE_NS_ASSERTIONS = NO;
				ENABLE_STRICT_OBJC_MSGSEND = YES;
				GCC_C_LANGUAGE_STANDARD = gnu11;
				GCC_NO_COMMON_BLOCKS = YES;
				GCC_WARN_64_TO_32_BIT_CONVERSION = YES;
				GCC_WARN_ABOUT_RETURN_TYPE = YES_ERROR;
				GCC_WARN_UNDECLARED_SELECTOR = YES;
				GCC_WARN_UNINITIALIZED_AUTOS = YES_AGGRESSIVE;
				GCC_WARN_UNUSED_FUNCTION = YES;
				GCC_WARN_UNUSED_VARIABLE = YES;
				IPHONEOS_DEPLOYMENT_TARGET = 13.7;
				MTL_ENABLE_DEBUG_INFO = NO;
				MTL_FAST_MATH = YES;
				SDKROOT = iphoneos;
				SWIFT_COMPILATION_MODE = wholemodule;
				SWIFT_OPTIMIZATION_LEVEL = "-O";
				VALIDATE_PRODUCT = YES;
			};
			name = Release;
		};
		11367E6A2513CF3B00B056E4 /* Debug */ = {
			isa = XCBuildConfiguration;
			baseConfigurationReference = 0C30D1AB4C4C940A9EE34FA7 /* Pods-NIBM_COVID19.debug.xcconfig */;
			buildSettings = {
				ASSETCATALOG_COMPILER_APPICON_NAME = AppIcon;
				CODE_SIGN_STYLE = Automatic;
				INFOPLIST_FILE = NIBM_COVID19/Info.plist;
				LD_RUNPATH_SEARCH_PATHS = (
					"$(inherited)",
					"@executable_path/Frameworks",
				);
				PRODUCT_BUNDLE_IDENTIFIER = "IsZprA.NIBM-COVID19";
				PRODUCT_NAME = "$(TARGET_NAME)";
				SWIFT_VERSION = 5.0;
				TARGETED_DEVICE_FAMILY = "1,2";
			};
			name = Debug;
		};
		11367E6B2513CF3B00B056E4 /* Release */ = {
			isa = XCBuildConfiguration;
			baseConfigurationReference = 4041BDDA97BF86DDFAC8097E /* Pods-NIBM_COVID19.release.xcconfig */;
			buildSettings = {
				ASSETCATALOG_COMPILER_APPICON_NAME = AppIcon;
				CODE_SIGN_STYLE = Automatic;
				INFOPLIST_FILE = NIBM_COVID19/Info.plist;
				LD_RUNPATH_SEARCH_PATHS = (
					"$(inherited)",
					"@executable_path/Frameworks",
				);
				PRODUCT_BUNDLE_IDENTIFIER = "IsZprA.NIBM-COVID19";
				PRODUCT_NAME = "$(TARGET_NAME)";
				SWIFT_VERSION = 5.0;
				TARGETED_DEVICE_FAMILY = "1,2";
			};
			name = Release;
		};
		11367E6D2513CF3B00B056E4 /* Debug */ = {
			isa = XCBuildConfiguration;
			baseConfigurationReference = DF9FD854CEC7CA895EBB3106 /* Pods-NIBM_COVID19Tests.debug.xcconfig */;
			buildSettings = {
				ALWAYS_EMBED_SWIFT_STANDARD_LIBRARIES = YES;
				BUNDLE_LOADER = "$(TEST_HOST)";
				CODE_SIGN_STYLE = Automatic;
				INFOPLIST_FILE = NIBM_COVID19Tests/Info.plist;
				IPHONEOS_DEPLOYMENT_TARGET = 13.7;
				LD_RUNPATH_SEARCH_PATHS = (
					"$(inherited)",
					"@executable_path/Frameworks",
					"@loader_path/Frameworks",
				);
				PRODUCT_BUNDLE_IDENTIFIER = "IsZprA.NIBM-COVID19Tests";
				PRODUCT_NAME = "$(TARGET_NAME)";
				SWIFT_VERSION = 5.0;
				TARGETED_DEVICE_FAMILY = "1,2";
				TEST_HOST = "$(BUILT_PRODUCTS_DIR)/NIBM_COVID19.app/NIBM_COVID19";
			};
			name = Debug;
		};
		11367E6E2513CF3B00B056E4 /* Release */ = {
			isa = XCBuildConfiguration;
			baseConfigurationReference = D71A7F2AA51B7F7FEDE26B6C /* Pods-NIBM_COVID19Tests.release.xcconfig */;
			buildSettings = {
				ALWAYS_EMBED_SWIFT_STANDARD_LIBRARIES = YES;
				BUNDLE_LOADER = "$(TEST_HOST)";
				CODE_SIGN_STYLE = Automatic;
				INFOPLIST_FILE = NIBM_COVID19Tests/Info.plist;
				IPHONEOS_DEPLOYMENT_TARGET = 13.7;
				LD_RUNPATH_SEARCH_PATHS = (
					"$(inherited)",
					"@executable_path/Frameworks",
					"@loader_path/Frameworks",
				);
				PRODUCT_BUNDLE_IDENTIFIER = "IsZprA.NIBM-COVID19Tests";
				PRODUCT_NAME = "$(TARGET_NAME)";
				SWIFT_VERSION = 5.0;
				TARGETED_DEVICE_FAMILY = "1,2";
				TEST_HOST = "$(BUILT_PRODUCTS_DIR)/NIBM_COVID19.app/NIBM_COVID19";
			};
			name = Release;
		};
		11367E702513CF3B00B056E4 /* Debug */ = {
			isa = XCBuildConfiguration;
			baseConfigurationReference = 203C6F87B8E81E3A5D5830EA /* Pods-NIBM_COVID19-NIBM_COVID19UITests.debug.xcconfig */;
			buildSettings = {
				ALWAYS_EMBED_SWIFT_STANDARD_LIBRARIES = YES;
				CODE_SIGN_STYLE = Automatic;
				INFOPLIST_FILE = NIBM_COVID19UITests/Info.plist;
				LD_RUNPATH_SEARCH_PATHS = (
					"$(inherited)",
					"@executable_path/Frameworks",
					"@loader_path/Frameworks",
				);
				PRODUCT_BUNDLE_IDENTIFIER = "IsZprA.NIBM-COVID19UITests";
				PRODUCT_NAME = "$(TARGET_NAME)";
				SWIFT_VERSION = 5.0;
				TARGETED_DEVICE_FAMILY = "1,2";
				TEST_TARGET_NAME = NIBM_COVID19;
			};
			name = Debug;
		};
		11367E712513CF3B00B056E4 /* Release */ = {
			isa = XCBuildConfiguration;
			baseConfigurationReference = EE69395AA4339ACBEC0FBBF8 /* Pods-NIBM_COVID19-NIBM_COVID19UITests.release.xcconfig */;
			buildSettings = {
				ALWAYS_EMBED_SWIFT_STANDARD_LIBRARIES = YES;
				CODE_SIGN_STYLE = Automatic;
				INFOPLIST_FILE = NIBM_COVID19UITests/Info.plist;
				LD_RUNPATH_SEARCH_PATHS = (
					"$(inherited)",
					"@executable_path/Frameworks",
					"@loader_path/Frameworks",
				);
				PRODUCT_BUNDLE_IDENTIFIER = "IsZprA.NIBM-COVID19UITests";
				PRODUCT_NAME = "$(TARGET_NAME)";
				SWIFT_VERSION = 5.0;
				TARGETED_DEVICE_FAMILY = "1,2";
				TEST_TARGET_NAME = NIBM_COVID19;
			};
			name = Release;
		};
/* End XCBuildConfiguration section */

/* Begin XCConfigurationList section */
		11367E3A2513CF3800B056E4 /* Build configuration list for PBXProject "NIBM_COVID19" */ = {
			isa = XCConfigurationList;
			buildConfigurations = (
				11367E672513CF3B00B056E4 /* Debug */,
				11367E682513CF3B00B056E4 /* Release */,
			);
			defaultConfigurationIsVisible = 0;
			defaultConfigurationName = Release;
		};
		11367E692513CF3B00B056E4 /* Build configuration list for PBXNativeTarget "NIBM_COVID19" */ = {
			isa = XCConfigurationList;
			buildConfigurations = (
				11367E6A2513CF3B00B056E4 /* Debug */,
				11367E6B2513CF3B00B056E4 /* Release */,
			);
			defaultConfigurationIsVisible = 0;
			defaultConfigurationName = Release;
		};
		11367E6C2513CF3B00B056E4 /* Build configuration list for PBXNativeTarget "NIBM_COVID19Tests" */ = {
			isa = XCConfigurationList;
			buildConfigurations = (
				11367E6D2513CF3B00B056E4 /* Debug */,
				11367E6E2513CF3B00B056E4 /* Release */,
			);
			defaultConfigurationIsVisible = 0;
			defaultConfigurationName = Release;
		};
		11367E6F2513CF3B00B056E4 /* Build configuration list for PBXNativeTarget "NIBM_COVID19UITests" */ = {
			isa = XCConfigurationList;
			buildConfigurations = (
				11367E702513CF3B00B056E4 /* Debug */,
				11367E712513CF3B00B056E4 /* Release */,
			);
			defaultConfigurationIsVisible = 0;
			defaultConfigurationName = Release;
		};
/* End XCConfigurationList section */
	};
	rootObject = 11367E372513CF3800B056E4 /* Project object */;
}
